// !$*UTF8*$!
{
	archiveVersion = 1;
	classes = {
	};
	objectVersion = 46;
	objects = {

/* Begin PBXBuildFile section */
		DC29A98F1DACF7050073E8AF /* AppDelegate.m in Sources */ = {isa = PBXBuildFile; fileRef = DC29A9751DACF7050073E8AF /* AppDelegate.m */; };
		DC29A9901DACF7050073E8AF /* Assets.xcassets in Resources */ = {isa = PBXBuildFile; fileRef = DC29A9761DACF7050073E8AF /* Assets.xcassets */; };
		DC29A9911DACF7050073E8AF /* LaunchScreen.storyboard in Resources */ = {isa = PBXBuildFile; fileRef = DC29A9771DACF7050073E8AF /* LaunchScreen.storyboard */; };
		DC29A9921DACF7050073E8AF /* Main.storyboard in Resources */ = {isa = PBXBuildFile; fileRef = DC29A9791DACF7050073E8AF /* Main.storyboard */; };
		DC29A9931DACF7050073E8AF /* AXResponderSchemaComponents.m in Sources */ = {isa = PBXBuildFile; fileRef = DC29A97D1DACF7050073E8AF /* AXResponderSchemaComponents.m */; };
		DC29A9941DACF7050073E8AF /* AXResponderSchemaManager.m in Sources */ = {isa = PBXBuildFile; fileRef = DC29A9801DACF7050073E8AF /* AXResponderSchemaManager.m */; };
		DC29A9951DACF7050073E8AF /* UIViewController+Schema.m in Sources */ = {isa = PBXBuildFile; fileRef = DC29A9821DACF7050073E8AF /* UIViewController+Schema.m */; };
		DC29A9961DACF7050073E8AF /* Info.plist in Resources */ = {isa = PBXBuildFile; fileRef = DC29A9831DACF7050073E8AF /* Info.plist */; };
		DC29A9971DACF7050073E8AF /* main.m in Sources */ = {isa = PBXBuildFile; fileRef = DC29A9841DACF7050073E8AF /* main.m */; };
		DC29A9981DACF7050073E8AF /* TabBarViewController.m in Sources */ = {isa = PBXBuildFile; fileRef = DC29A9861DACF7050073E8AF /* TabBarViewController.m */; };
		DC29A9991DACF7050073E8AF /* TableViewController.m in Sources */ = {isa = PBXBuildFile; fileRef = DC29A9881DACF7050073E8AF /* TableViewController.m */; };
		DC29A99A1DACF7050073E8AF /* ViewController.m in Sources */ = {isa = PBXBuildFile; fileRef = DC29A98A1DACF7050073E8AF /* ViewController.m */; };
		DC29A99B1DACF7050073E8AF /* ViewController1.m in Sources */ = {isa = PBXBuildFile; fileRef = DC29A98C1DACF7050073E8AF /* ViewController1.m */; };
		DC29A99C1DACF7050073E8AF /* ViewController2.m in Sources */ = {isa = PBXBuildFile; fileRef = DC29A98E1DACF7050073E8AF /* ViewController2.m */; };
		DCA640D51DAF666C005FC2DE /* UIAlertController+Schema.m in Sources */ = {isa = PBXBuildFile; fileRef = DCA640D41DAF666C005FC2DE /* UIAlertController+Schema.m */; };
/* End PBXBuildFile section */

/* Begin PBXContainerItemProxy section */
		DC9A38AA1DACA0F0003125FF /* PBXContainerItemProxy */ = {
			isa = PBXContainerItemProxy;
			containerPortal = DC9A38881DACA0EF003125FF /* Project object */;
			proxyType = 1;
			remoteGlobalIDString = DC9A388F1DACA0EF003125FF;
			remoteInfo = AXViewControllerShema;
		};
		DC9A38B51DACA0F0003125FF /* PBXContainerItemProxy */ = {
			isa = PBXContainerItemProxy;
			containerPortal = DC9A38881DACA0EF003125FF /* Project object */;
			proxyType = 1;
			remoteGlobalIDString = DC9A388F1DACA0EF003125FF;
			remoteInfo = AXViewControllerShema;
		};
/* End PBXContainerItemProxy section */

/* Begin PBXFileReference section */
		DC29A9741DACF7050073E8AF /* AppDelegate.h */ = {isa = PBXFileReference; fileEncoding = 4; lastKnownFileType = sourcecode.c.h; path = AppDelegate.h; sourceTree = "<group>"; };
		DC29A9751DACF7050073E8AF /* AppDelegate.m */ = {isa = PBXFileReference; fileEncoding = 4; lastKnownFileType = sourcecode.c.objc; path = AppDelegate.m; sourceTree = "<group>"; };
		DC29A9761DACF7050073E8AF /* Assets.xcassets */ = {isa = PBXFileReference; lastKnownFileType = folder.assetcatalog; path = Assets.xcassets; sourceTree = "<group>"; };
		DC29A9781DACF7050073E8AF /* Base */ = {isa = PBXFileReference; lastKnownFileType = file.storyboard; name = Base; path = Base.lproj/LaunchScreen.storyboard; sourceTree = "<group>"; };
		DC29A97A1DACF7050073E8AF /* Base */ = {isa = PBXFileReference; lastKnownFileType = file.storyboard; name = Base; path = Base.lproj/Main.storyboard; sourceTree = "<group>"; };
		DC29A97C1DACF7050073E8AF /* AXResponderSchemaComponents.h */ = {isa = PBXFileReference; fileEncoding = 4; lastKnownFileType = sourcecode.c.h; path = AXResponderSchemaComponents.h; sourceTree = "<group>"; };
		DC29A97D1DACF7050073E8AF /* AXResponderSchemaComponents.m */ = {isa = PBXFileReference; fileEncoding = 4; lastKnownFileType = sourcecode.c.objc; path = AXResponderSchemaComponents.m; sourceTree = "<group>"; };
		DC29A97E1DACF7050073E8AF /* AXResponderSchemaKit.h */ = {isa = PBXFileReference; fileEncoding = 4; lastKnownFileType = sourcecode.c.h; path = AXResponderSchemaKit.h; sourceTree = "<group>"; };
		DC29A97F1DACF7050073E8AF /* AXResponderSchemaManager.h */ = {isa = PBXFileReference; fileEncoding = 4; lastKnownFileType = sourcecode.c.h; path = AXResponderSchemaManager.h; sourceTree = "<group>"; };
		DC29A9801DACF7050073E8AF /* AXResponderSchemaManager.m */ = {isa = PBXFileReference; fileEncoding = 4; lastKnownFileType = sourcecode.c.objc; path = AXResponderSchemaManager.m; sourceTree = "<group>"; };
		DC29A9811DACF7050073E8AF /* UIViewController+Schema.h */ = {isa = PBXFileReference; fileEncoding = 4; lastKnownFileType = sourcecode.c.h; path = "UIViewController+Schema.h"; sourceTree = "<group>"; };
		DC29A9821DACF7050073E8AF /* UIViewController+Schema.m */ = {isa = PBXFileReference; fileEncoding = 4; lastKnownFileType = sourcecode.c.objc; path = "UIViewController+Schema.m"; sourceTree = "<group>"; };
		DC29A9831DACF7050073E8AF /* Info.plist */ = {isa = PBXFileReference; fileEncoding = 4; lastKnownFileType = text.plist.xml; path = Info.plist; sourceTree = "<group>"; };
		DC29A9841DACF7050073E8AF /* main.m */ = {isa = PBXFileReference; fileEncoding = 4; lastKnownFileType = sourcecode.c.objc; path = main.m; sourceTree = "<group>"; };
		DC29A9851DACF7050073E8AF /* TabBarViewController.h */ = {isa = PBXFileReference; fileEncoding = 4; lastKnownFileType = sourcecode.c.h; path = TabBarViewController.h; sourceTree = "<group>"; };
		DC29A9861DACF7050073E8AF /* TabBarViewController.m */ = {isa = PBXFileReference; fileEncoding = 4; lastKnownFileType = sourcecode.c.objc; path = TabBarViewController.m; sourceTree = "<group>"; };
		DC29A9871DACF7050073E8AF /* TableViewController.h */ = {isa = PBXFileReference; fileEncoding = 4; lastKnownFileType = sourcecode.c.h; path = TableViewController.h; sourceTree = "<group>"; };
		DC29A9881DACF7050073E8AF /* TableViewController.m */ = {isa = PBXFileReference; fileEncoding = 4; lastKnownFileType = sourcecode.c.objc; path = TableViewController.m; sourceTree = "<group>"; };
		DC29A9891DACF7050073E8AF /* ViewController.h */ = {isa = PBXFileReference; fileEncoding = 4; lastKnownFileType = sourcecode.c.h; path = ViewController.h; sourceTree = "<group>"; };
		DC29A98A1DACF7050073E8AF /* ViewController.m */ = {isa = PBXFileReference; fileEncoding = 4; lastKnownFileType = sourcecode.c.objc; path = ViewController.m; sourceTree = "<group>"; };
		DC29A98B1DACF7050073E8AF /* ViewController1.h */ = {isa = PBXFileReference; fileEncoding = 4; lastKnownFileType = sourcecode.c.h; path = ViewController1.h; sourceTree = "<group>"; };
		DC29A98C1DACF7050073E8AF /* ViewController1.m */ = {isa = PBXFileReference; fileEncoding = 4; lastKnownFileType = sourcecode.c.objc; path = ViewController1.m; sourceTree = "<group>"; };
		DC29A98D1DACF7050073E8AF /* ViewController2.h */ = {isa = PBXFileReference; fileEncoding = 4; lastKnownFileType = sourcecode.c.h; path = ViewController2.h; sourceTree = "<group>"; };
		DC29A98E1DACF7050073E8AF /* ViewController2.m */ = {isa = PBXFileReference; fileEncoding = 4; lastKnownFileType = sourcecode.c.objc; path = ViewController2.m; sourceTree = "<group>"; };
		DC9A38901DACA0EF003125FF /* AXResponderSchemaManager.app */ = {isa = PBXFileReference; explicitFileType = wrapper.application; includeInIndex = 0; path = AXResponderSchemaManager.app; sourceTree = BUILT_PRODUCTS_DIR; };
		DC9A38A91DACA0F0003125FF /* AXResponderSchemaManagerTests.xctest */ = {isa = PBXFileReference; explicitFileType = wrapper.cfbundle; includeInIndex = 0; path = AXResponderSchemaManagerTests.xctest; sourceTree = BUILT_PRODUCTS_DIR; };
		DC9A38B41DACA0F0003125FF /* AXResponderSchemaManagerUITests.xctest */ = {isa = PBXFileReference; explicitFileType = wrapper.cfbundle; includeInIndex = 0; path = AXResponderSchemaManagerUITests.xctest; sourceTree = BUILT_PRODUCTS_DIR; };
		DCA640D31DAF666C005FC2DE /* UIAlertController+Schema.h */ = {isa = PBXFileReference; fileEncoding = 4; lastKnownFileType = sourcecode.c.h; path = "UIAlertController+Schema.h"; sourceTree = "<group>"; };
		DCA640D41DAF666C005FC2DE /* UIAlertController+Schema.m */ = {isa = PBXFileReference; fileEncoding = 4; lastKnownFileType = sourcecode.c.objc; path = "UIAlertController+Schema.m"; sourceTree = "<group>"; };
/* End PBXFileReference section */

/* Begin PBXFrameworksBuildPhase section */
		DC9A388D1DACA0EF003125FF /* Frameworks */ = {
			isa = PBXFrameworksBuildPhase;
			buildActionMask = 2147483647;
			files = (
			);
			runOnlyForDeploymentPostprocessing = 0;
		};
		DC9A38A61DACA0F0003125FF /* Frameworks */ = {
			isa = PBXFrameworksBuildPhase;
			buildActionMask = 2147483647;
			files = (
			);
			runOnlyForDeploymentPostprocessing = 0;
		};
		DC9A38B11DACA0F0003125FF /* Frameworks */ = {
			isa = PBXFrameworksBuildPhase;
			buildActionMask = 2147483647;
			files = (
			);
			runOnlyForDeploymentPostprocessing = 0;
		};
/* End PBXFrameworksBuildPhase section */

/* Begin PBXGroup section */
		DC29A9731DACF7050073E8AF /* AXResponderSchemaManager */ = {
			isa = PBXGroup;
			children = (
				DC29A9741DACF7050073E8AF /* AppDelegate.h */,
				DC29A9751DACF7050073E8AF /* AppDelegate.m */,
				DC29A9761DACF7050073E8AF /* Assets.xcassets */,
				DC29A97B1DACF7050073E8AF /* Classes */,
				DC29A9771DACF7050073E8AF /* LaunchScreen.storyboard */,
				DC29A9791DACF7050073E8AF /* Main.storyboard */,
				DC29A9831DACF7050073E8AF /* Info.plist */,
				DC29A9841DACF7050073E8AF /* main.m */,
				DC29A9851DACF7050073E8AF /* TabBarViewController.h */,
				DC29A9861DACF7050073E8AF /* TabBarViewController.m */,
				DC29A9871DACF7050073E8AF /* TableViewController.h */,
				DC29A9881DACF7050073E8AF /* TableViewController.m */,
				DC29A9891DACF7050073E8AF /* ViewController.h */,
				DC29A98A1DACF7050073E8AF /* ViewController.m */,
				DC29A98B1DACF7050073E8AF /* ViewController1.h */,
				DC29A98C1DACF7050073E8AF /* ViewController1.m */,
				DC29A98D1DACF7050073E8AF /* ViewController2.h */,
				DC29A98E1DACF7050073E8AF /* ViewController2.m */,
			);
			path = AXResponderSchemaManager;
			sourceTree = "<group>";
		};
		DC29A97B1DACF7050073E8AF /* Classes */ = {
			isa = PBXGroup;
			children = (
				DC29A97E1DACF7050073E8AF /* AXResponderSchemaKit.h */,
				DCA640D31DAF666C005FC2DE /* UIAlertController+Schema.h */,
				DCA640D41DAF666C005FC2DE /* UIAlertController+Schema.m */,
				DC29A9811DACF7050073E8AF /* UIViewController+Schema.h */,
				DC29A9821DACF7050073E8AF /* UIViewController+Schema.m */,
				DC29A97F1DACF7050073E8AF /* AXResponderSchemaManager.h */,
				DC29A9801DACF7050073E8AF /* AXResponderSchemaManager.m */,
				DC29A97C1DACF7050073E8AF /* AXResponderSchemaComponents.h */,
				DC29A97D1DACF7050073E8AF /* AXResponderSchemaComponents.m */,
			);
			path = Classes;
			sourceTree = "<group>";
		};
		DC9A38871DACA0EF003125FF = {
			isa = PBXGroup;
			children = (
				DC29A9731DACF7050073E8AF /* AXResponderSchemaManager */,
				DC9A38911DACA0EF003125FF /* Products */,
			);
			sourceTree = "<group>";
		};
		DC9A38911DACA0EF003125FF /* Products */ = {
			isa = PBXGroup;
			children = (
				DC9A38901DACA0EF003125FF /* AXResponderSchemaManager.app */,
				DC9A38A91DACA0F0003125FF /* AXResponderSchemaManagerTests.xctest */,
				DC9A38B41DACA0F0003125FF /* AXResponderSchemaManagerUITests.xctest */,
			);
			name = Products;
			sourceTree = "<group>";
		};
/* End PBXGroup section */

/* Begin PBXNativeTarget section */
		DC9A388F1DACA0EF003125FF /* AXResponderSchemaManager */ = {
			isa = PBXNativeTarget;
			buildConfigurationList = DC9A38BD1DACA0F0003125FF /* Build configuration list for PBXNativeTarget "AXResponderSchemaManager" */;
			buildPhases = (
				DC9A388C1DACA0EF003125FF /* Sources */,
				DC9A388D1DACA0EF003125FF /* Frameworks */,
				DC9A388E1DACA0EF003125FF /* Resources */,
			);
			buildRules = (
			);
			dependencies = (
			);
			name = AXResponderSchemaManager;
			productName = AXViewControllerShema;
			productReference = DC9A38901DACA0EF003125FF /* AXResponderSchemaManager.app */;
			productType = "com.apple.product-type.application";
		};
		DC9A38A81DACA0F0003125FF /* AXResponderSchemaManagerTests */ = {
			isa = PBXNativeTarget;
			buildConfigurationList = DC9A38C01DACA0F0003125FF /* Build configuration list for PBXNativeTarget "AXResponderSchemaManagerTests" */;
			buildPhases = (
				DC9A38A51DACA0F0003125FF /* Sources */,
				DC9A38A61DACA0F0003125FF /* Frameworks */,
				DC9A38A71DACA0F0003125FF /* Resources */,
			);
			buildRules = (
			);
			dependencies = (
				DC9A38AB1DACA0F0003125FF /* PBXTargetDependency */,
			);
			name = AXResponderSchemaManagerTests;
			productName = AXViewControllerShemaTests;
			productReference = DC9A38A91DACA0F0003125FF /* AXResponderSchemaManagerTests.xctest */;
			productType = "com.apple.product-type.bundle.unit-test";
		};
		DC9A38B31DACA0F0003125FF /* AXResponderSchemaManagerUITests */ = {
			isa = PBXNativeTarget;
			buildConfigurationList = DC9A38C31DACA0F0003125FF /* Build configuration list for PBXNativeTarget "AXResponderSchemaManagerUITests" */;
			buildPhases = (
				DC9A38B01DACA0F0003125FF /* Sources */,
				DC9A38B11DACA0F0003125FF /* Frameworks */,
				DC9A38B21DACA0F0003125FF /* Resources */,
			);
			buildRules = (
			);
			dependencies = (
				DC9A38B61DACA0F0003125FF /* PBXTargetDependency */,
			);
			name = AXResponderSchemaManagerUITests;
			productName = AXViewControllerShemaUITests;
			productReference = DC9A38B41DACA0F0003125FF /* AXResponderSchemaManagerUITests.xctest */;
			productType = "com.apple.product-type.bundle.ui-testing";
		};
/* End PBXNativeTarget section */

/* Begin PBXProject section */
		DC9A38881DACA0EF003125FF /* Project object */ = {
			isa = PBXProject;
			attributes = {
				LastUpgradeCheck = 0800;
				ORGANIZATIONNAME = devedbox;
				TargetAttributes = {
					DC9A388F1DACA0EF003125FF = {
						CreatedOnToolsVersion = 8.0;
						DevelopmentTeam = TKA48YVS5T;
						ProvisioningStyle = Automatic;
					};
					DC9A38A81DACA0F0003125FF = {
						CreatedOnToolsVersion = 8.0;
						DevelopmentTeam = TKA48YVS5T;
						ProvisioningStyle = Automatic;
						TestTargetID = DC9A388F1DACA0EF003125FF;
					};
					DC9A38B31DACA0F0003125FF = {
						CreatedOnToolsVersion = 8.0;
						DevelopmentTeam = TKA48YVS5T;
						ProvisioningStyle = Automatic;
						TestTargetID = DC9A388F1DACA0EF003125FF;
					};
				};
			};
			buildConfigurationList = DC9A388B1DACA0EF003125FF /* Build configuration list for PBXProject "AXResponderSchemaManager" */;
			compatibilityVersion = "Xcode 3.2";
			developmentRegion = English;
			hasScannedForEncodings = 0;
			knownRegions = (
				en,
				Base,
			);
			mainGroup = DC9A38871DACA0EF003125FF;
			productRefGroup = DC9A38911DACA0EF003125FF /* Products */;
			projectDirPath = "";
			projectRoot = "";
			targets = (
				DC9A388F1DACA0EF003125FF /* AXResponderSchemaManager */,
				DC9A38A81DACA0F0003125FF /* AXResponderSchemaManagerTests */,
				DC9A38B31DACA0F0003125FF /* AXResponderSchemaManagerUITests */,
			);
		};
/* End PBXProject section */

/* Begin PBXResourcesBuildPhase section */
		DC9A388E1DACA0EF003125FF /* Resources */ = {
			isa = PBXResourcesBuildPhase;
			buildActionMask = 2147483647;
			files = (
				DC29A9961DACF7050073E8AF /* Info.plist in Resources */,
				DC29A9921DACF7050073E8AF /* Main.storyboard in Resources */,
				DC29A9901DACF7050073E8AF /* Assets.xcassets in Resources */,
				DC29A9911DACF7050073E8AF /* LaunchScreen.storyboard in Resources */,
			);
			runOnlyForDeploymentPostprocessing = 0;
		};
		DC9A38A71DACA0F0003125FF /* Resources */ = {
			isa = PBXResourcesBuildPhase;
			buildActionMask = 2147483647;
			files = (
			);
			runOnlyForDeploymentPostprocessing = 0;
		};
		DC9A38B21DACA0F0003125FF /* Resources */ = {
			isa = PBXResourcesBuildPhase;
			buildActionMask = 2147483647;
			files = (
			);
			runOnlyForDeploymentPostprocessing = 0;
		};
/* End PBXResourcesBuildPhase section */

/* Begin PBXSourcesBuildPhase section */
		DC9A388C1DACA0EF003125FF /* Sources */ = {
			isa = PBXSourcesBuildPhase;
			buildActionMask = 2147483647;
			files = (
				DC29A9971DACF7050073E8AF /* main.m in Sources */,
				DC29A9931DACF7050073E8AF /* AXResponderSchemaComponents.m in Sources */,
				DC29A99A1DACF7050073E8AF /* ViewController.m in Sources */,
				DC29A9951DACF7050073E8AF /* UIViewController+Schema.m in Sources */,
				DC29A98F1DACF7050073E8AF /* AppDelegate.m in Sources */,
				DC29A9981DACF7050073E8AF /* TabBarViewController.m in Sources */,
				DC29A9991DACF7050073E8AF /* TableViewController.m in Sources */,
				DC29A99C1DACF7050073E8AF /* ViewController2.m in Sources */,
				DC29A9941DACF7050073E8AF /* AXResponderSchemaManager.m in Sources */,
				DC29A99B1DACF7050073E8AF /* ViewController1.m in Sources */,
				DCA640D51DAF666C005FC2DE /* UIAlertController+Schema.m in Sources */,
			);
			runOnlyForDeploymentPostprocessing = 0;
		};
		DC9A38A51DACA0F0003125FF /* Sources */ = {
			isa = PBXSourcesBuildPhase;
			buildActionMask = 2147483647;
			files = (
			);
			runOnlyForDeploymentPostprocessing = 0;
		};
		DC9A38B01DACA0F0003125FF /* Sources */ = {
			isa = PBXSourcesBuildPhase;
			buildActionMask = 2147483647;
			files = (
			);
			runOnlyForDeploymentPostprocessing = 0;
		};
/* End PBXSourcesBuildPhase section */

/* Begin PBXTargetDependency section */
		DC9A38AB1DACA0F0003125FF /* PBXTargetDependency */ = {
			isa = PBXTargetDependency;
			target = DC9A388F1DACA0EF003125FF /* AXResponderSchemaManager */;
			targetProxy = DC9A38AA1DACA0F0003125FF /* PBXContainerItemProxy */;
		};
		DC9A38B61DACA0F0003125FF /* PBXTargetDependency */ = {
			isa = PBXTargetDependency;
			target = DC9A388F1DACA0EF003125FF /* AXResponderSchemaManager */;
			targetProxy = DC9A38B51DACA0F0003125FF /* PBXContainerItemProxy */;
		};
/* End PBXTargetDependency section */

/* Begin PBXVariantGroup section */
		DC29A9771DACF7050073E8AF /* LaunchScreen.storyboard */ = {
			isa = PBXVariantGroup;
			children = (
				DC29A9781DACF7050073E8AF /* Base */,
			);
			name = LaunchScreen.storyboard;
			sourceTree = "<group>";
		};
		DC29A9791DACF7050073E8AF /* Main.storyboard */ = {
			isa = PBXVariantGroup;
			children = (
				DC29A97A1DACF7050073E8AF /* Base */,
			);
			name = Main.storyboard;
			sourceTree = "<group>";
		};
/* End PBXVariantGroup section */

/* Begin XCBuildConfiguration section */
		DC9A38BB1DACA0F0003125FF /* Debug */ = {
			isa = XCBuildConfiguration;
			buildSettings = {
				ALWAYS_SEARCH_USER_PATHS = NO;
				CLANG_ANALYZER_NONNULL = YES;
				CLANG_CXX_LANGUAGE_STANDARD = "gnu++0x";
				CLANG_CXX_LIBRARY = "libc++";
				CLANG_ENABLE_MODULES = YES;
				CLANG_ENABLE_OBJC_ARC = YES;
				CLANG_WARN_BOOL_CONVERSION = YES;
				CLANG_WARN_CONSTANT_CONVERSION = YES;
				CLANG_WARN_DIRECT_OBJC_ISA_USAGE = YES_ERROR;
				CLANG_WARN_DOCUMENTATION_COMMENTS = YES;
				CLANG_WARN_EMPTY_BODY = YES;
				CLANG_WARN_ENUM_CONVERSION = YES;
				CLANG_WARN_INFINITE_RECURSION = YES;
				CLANG_WARN_INT_CONVERSION = YES;
				CLANG_WARN_OBJC_ROOT_CLASS = YES_ERROR;
				CLANG_WARN_SUSPICIOUS_MOVES = YES;
				CLANG_WARN_UNREACHABLE_CODE = YES;
				CLANG_WARN__DUPLICATE_METHOD_MATCH = YES;
				"CODE_SIGN_IDENTITY[sdk=iphoneos*]" = "iPhone Developer";
				COPY_PHASE_STRIP = NO;
				DEBUG_INFORMATION_FORMAT = dwarf;
				ENABLE_STRICT_OBJC_MSGSEND = YES;
				ENABLE_TESTABILITY = YES;
				GCC_C_LANGUAGE_STANDARD = gnu99;
				GCC_DYNAMIC_NO_PIC = NO;
				GCC_NO_COMMON_BLOCKS = YES;
				GCC_OPTIMIZATION_LEVEL = 0;
				GCC_PREPROCESSOR_DEFINITIONS = (
					"DEBUG=1",
					"$(inherited)",
				);
				GCC_WARN_64_TO_32_BIT_CONVERSION = YES;
				GCC_WARN_ABOUT_RETURN_TYPE = YES_ERROR;
				GCC_WARN_UNDECLARED_SELECTOR = YES;
				GCC_WARN_UNINITIALIZED_AUTOS = YES_AGGRESSIVE;
				GCC_WARN_UNUSED_FUNCTION = YES;
				GCC_WARN_UNUSED_VARIABLE = YES;
				IPHONEOS_DEPLOYMENT_TARGET = 10.0;
				MTL_ENABLE_DEBUG_INFO = YES;
				ONLY_ACTIVE_ARCH = YES;
				SDKROOT = iphoneos;
				TARGETED_DEVICE_FAMILY = "1,2";
			};
			name = Debug;
		};
		DC9A38BC1DACA0F0003125FF /* Release */ = {
			isa = XCBuildConfiguration;
			buildSettings = {
				ALWAYS_SEARCH_USER_PATHS = NO;
				CLANG_ANALYZER_NONNULL = YES;
				CLANG_CXX_LANGUAGE_STANDARD = "gnu++0x";
				CLANG_CXX_LIBRARY = "libc++";
				CLANG_ENABLE_MODULES = YES;
				CLANG_ENABLE_OBJC_ARC = YES;
				CLANG_WARN_BOOL_CONVERSION = YES;
				CLANG_WARN_CONSTANT_CONVERSION = YES;
				CLANG_WARN_DIRECT_OBJC_ISA_USAGE = YES_ERROR;
				CLANG_WARN_DOCUMENTATION_COMMENTS = YES;
				CLANG_WARN_EMPTY_BODY = YES;
				CLANG_WARN_ENUM_CONVERSION = YES;
				CLANG_WARN_INFINITE_RECURSION = YES;
				CLANG_WARN_INT_CONVERSION = YES;
				CLANG_WARN_OBJC_ROOT_CLASS = YES_ERROR;
				CLANG_WARN_SUSPICIOUS_MOVES = YES;
				CLANG_WARN_UNREACHABLE_CODE = YES;
				CLANG_WARN__DUPLICATE_METHOD_MATCH = YES;
				"CODE_SIGN_IDENTITY[sdk=iphoneos*]" = "iPhone Developer";
				COPY_PHASE_STRIP = NO;
				DEBUG_INFORMATION_FORMAT = "dwarf-with-dsym";
				ENABLE_NS_ASSERTIONS = NO;
				ENABLE_STRICT_OBJC_MSGSEND = YES;
				GCC_C_LANGUAGE_STANDARD = gnu99;
				GCC_NO_COMMON_BLOCKS = YES;
				GCC_WARN_64_TO_32_BIT_CONVERSION = YES;
				GCC_WARN_ABOUT_RETURN_TYPE = YES_ERROR;
				GCC_WARN_UNDECLARED_SELECTOR = YES;
				GCC_WARN_UNINITIALIZED_AUTOS = YES_AGGRESSIVE;
				GCC_WARN_UNUSED_FUNCTION = YES;
				GCC_WARN_UNUSED_VARIABLE = YES;
				IPHONEOS_DEPLOYMENT_TARGET = 10.0;
				MTL_ENABLE_DEBUG_INFO = NO;
				SDKROOT = iphoneos;
				TARGETED_DEVICE_FAMILY = "1,2";
				VALIDATE_PRODUCT = YES;
			};
			name = Release;
		};
		DC9A38BE1DACA0F0003125FF /* Debug */ = {
			isa = XCBuildConfiguration;
			buildSettings = {
				ASSETCATALOG_COMPILER_APPICON_NAME = AppIcon;
				DEVELOPMENT_TEAM = TKA48YVS5T;
				INFOPLIST_FILE = "$(SRCROOT)/AXResponderSchemaManager/Info.plist";
				LD_RUNPATH_SEARCH_PATHS = "$(inherited) @executable_path/Frameworks";
				PRODUCT_BUNDLE_IDENTIFIER = com.devedbox.AXViewControllerShema;
				PRODUCT_NAME = "$(TARGET_NAME)";
			};
			name = Debug;
		};
		DC9A38BF1DACA0F0003125FF /* Release */ = {
			isa = XCBuildConfiguration;
			buildSettings = {
				ASSETCATALOG_COMPILER_APPICON_NAME = AppIcon;
				DEVELOPMENT_TEAM = TKA48YVS5T;
				INFOPLIST_FILE = "$(SRCROOT)/AXResponderSchemaManager/Info.plist";
				LD_RUNPATH_SEARCH_PATHS = "$(inherited) @executable_path/Frameworks";
				PRODUCT_BUNDLE_IDENTIFIER = com.devedbox.AXViewControllerShema;
				PRODUCT_NAME = "$(TARGET_NAME)";
			};
			name = Release;
		};
		DC9A38C11DACA0F0003125FF /* Debug */ = {
			isa = XCBuildConfiguration;
			buildSettings = {
				BUNDLE_LOADER = "$(TEST_HOST)";
				DEVELOPMENT_TEAM = TKA48YVS5T;
				INFOPLIST_FILE = AXViewControllerShemaTests/Info.plist;
				LD_RUNPATH_SEARCH_PATHS = "$(inherited) @executable_path/Frameworks @loader_path/Frameworks";
				PRODUCT_BUNDLE_IDENTIFIER = com.devedbox.AXViewControllerShemaTests;
				PRODUCT_NAME = "$(TARGET_NAME)";
				TEST_HOST = "$(BUILT_PRODUCTS_DIR)/AXResponderSchemaManager.app/AXResponderSchemaManager";
			};
			name = Debug;
		};
		DC9A38C21DACA0F0003125FF /* Release */ = {
			isa = XCBuildConfiguration;
			buildSettings = {
				BUNDLE_LOADER = "$(TEST_HOST)";
				DEVELOPMENT_TEAM = TKA48YVS5T;
				INFOPLIST_FILE = AXViewControllerShemaTests/Info.plist;
				LD_RUNPATH_SEARCH_PATHS = "$(inherited) @executable_path/Frameworks @loader_path/Frameworks";
				PRODUCT_BUNDLE_IDENTIFIER = com.devedbox.AXViewControllerShemaTests;
				PRODUCT_NAME = "$(TARGET_NAME)";
				TEST_HOST = "$(BUILT_PRODUCTS_DIR)/AXResponderSchemaManager.app/AXResponderSchemaManager";
			};
			name = Release;
		};
		DC9A38C41DACA0F0003125FF /* Debug */ = {
			isa = XCBuildConfiguration;
			buildSettings = {
				DEVELOPMENT_TEAM = TKA48YVS5T;
				INFOPLIST_FILE = AXViewControllerShemaUITests/Info.plist;
				LD_RUNPATH_SEARCH_PATHS = "$(inherited) @executable_path/Frameworks @loader_path/Frameworks";
				PRODUCT_BUNDLE_IDENTIFIER = com.devedbox.AXViewControllerShemaUITests;
				PRODUCT_NAME = "$(TARGET_NAME)";
				TEST_TARGET_NAME = AXViewControllerShema;
			};
			name = Debug;
		};
		DC9A38C51DACA0F0003125FF /* Release */ = {
			isa = XCBuildConfiguration;
			buildSettings = {
				DEVELOPMENT_TEAM = TKA48YVS5T;
				INFOPLIST_FILE = AXViewControllerShemaUITests/Info.plist;
				LD_RUNPATH_SEARCH_PATHS = "$(inherited) @executable_path/Frameworks @loader_path/Frameworks";
				PRODUCT_BUNDLE_IDENTIFIER = com.devedbox.AXViewControllerShemaUITests;
				PRODUCT_NAME = "$(TARGET_NAME)";
				TEST_TARGET_NAME = AXViewControllerShema;
			};
			name = Release;
		};
/* End XCBuildConfiguration section */

/* Begin XCConfigurationList section */
		DC9A388B1DACA0EF003125FF /* Build configuration list for PBXProject "AXResponderSchemaManager" */ = {
			isa = XCConfigurationList;
			buildConfigurations = (
				DC9A38BB1DACA0F0003125FF /* Debug */,
				DC9A38BC1DACA0F0003125FF /* Release */,
			);
			defaultConfigurationIsVisible = 0;
			defaultConfigurationName = Release;
		};
		DC9A38BD1DACA0F0003125FF /* Build configuration list for PBXNativeTarget "AXResponderSchemaManager" */ = {
			isa = XCConfigurationList;
			buildConfigurations = (
				DC9A38BE1DACA0F0003125FF /* Debug */,
				DC9A38BF1DACA0F0003125FF /* Release */,
			);
			defaultConfigurationIsVisible = 0;
			defaultConfigurationName = Release;
		};
		DC9A38C01DACA0F0003125FF /* Build configuration list for PBXNativeTarget "AXResponderSchemaManagerTests" */ = {
			isa = XCConfigurationList;
			buildConfigurations = (
				DC9A38C11DACA0F0003125FF /* Debug */,
				DC9A38C21DACA0F0003125FF /* Release */,
			);
			defaultConfigurationIsVisible = 0;
			defaultConfigurationName = Release;
		};
		DC9A38C31DACA0F0003125FF /* Build configuration list for PBXNativeTarget "AXResponderSchemaManagerUITests" */ = {
			isa = XCConfigurationList;
			buildConfigurations = (
				DC9A38C41DACA0F0003125FF /* Debug */,
				DC9A38C51DACA0F0003125FF /* Release */,
			);
			defaultConfigurationIsVisible = 0;
			defaultConfigurationName = Release;
		};
/* End XCConfigurationList section */
	};
	rootObject = DC9A38881DACA0EF003125FF /* Project object */;
}
